
Microsoft Visual Studio Solution File, Format Version 12.00
# Visual Studio Version 16
VisualStudioVersion = 16.0.31105.61
MinimumVisualStudioVersion = 10.0.40219.1
Project("{FAE04EC0-301F-11D3-BF4B-00C04F79EFBC}") = "Images", "Images.csproj", "{D8FF69F3-DEEC-4133-A095-8356C6A4652B}"
EndProject
Global
	GlobalSection(SolutionConfigurationPlatforms) = preSolution
		Debug|Any CPU = Debug|Any CPU
		Release|Any CPU = Release|Any CPU
	EndGlobalSection
	GlobalSection(ProjectConfigurationPlatforms) = postSolution
		{D8FF69F3-DEEC-4133-A095-8356C6A4652B}.Debug|Any CPU.ActiveCfg = Debug|Any CPU
		{D8FF69F3-DEEC-4133-A095-8356C6A4652B}.Debug|Any CPU.Build.0 = Debug|Any CPU
		{D8FF69F3-DEEC-4133-A095-8356C6A4652B}.Release|Any CPU.ActiveCfg = Release|Any CPU
		{D8FF69F3-DEEC-4133-A095-8356C6A4652B}.Release|Any CPU.Build.0 = Release|Any CPU
	EndGlobalSection
	GlobalSection(SolutionProperties) = preSolution
		HideSolutionNode = FALSE
	EndGlobalSection
	GlobalSection(ExtensibilityGlobals) = postSolution
		SolutionGuid = {7C7DFE3F-F61F-41C2-B0FF-437BE6829415}
	EndGlobalSection
EndGlobal
